
Microsoft Visual Studio Solution File, Format Version 12.00
# Visual Studio Version 16
VisualStudioVersion = 16.0.30011.22
MinimumVisualStudioVersion = 10.0.40219.1
Project("{9A19103F-16F7-4668-BE54-9A1E7A4F7556}") = "eHealthcare", "eHealthcare.csproj", "{5D74FACB-D2AF-4071-97DA-F3B43959EAF0}"
EndProject
Global
	GlobalSection(SolutionConfigurationPlatforms) = preSolution
		Debug|Any CPU = Debug|Any CPU
		Release|Any CPU = Release|Any CPU
	EndGlobalSection
	GlobalSection(ProjectConfigurationPlatforms) = postSolution
		{5D74FACB-D2AF-4071-97DA-F3B43959EAF0}.Debug|Any CPU.ActiveCfg = Debug|Any CPU
		{5D74FACB-D2AF-4071-97DA-F3B43959EAF0}.Debug|Any CPU.Build.0 = Debug|Any CPU
		{5D74FACB-D2AF-4071-97DA-F3B43959EAF0}.Release|Any CPU.ActiveCfg = Release|Any CPU
		{5D74FACB-D2AF-4071-97DA-F3B43959EAF0}.Release|Any CPU.Build.0 = Release|Any CPU
	EndGlobalSection
	GlobalSection(SolutionProperties) = preSolution
		HideSolutionNode = FALSE
	EndGlobalSection
	GlobalSection(ExtensibilityGlobals) = postSolution
		SolutionGuid = {C1396BBB-50F1-4B3D-A7B2-85C7D3851863}
	EndGlobalSection
EndGlobal
